// !$*UTF8*$!
{
	archiveVersion = 1;
	classes = {
	};
	objectVersion = 51;
	objects = {

/* Begin PBXBuildFile section */
		1DDDF53B2632A06C0098DBA3 /* AppDelegate.swift in Sources */ = {isa = PBXBuildFile; fileRef = 1DDDF53A2632A06C0098DBA3 /* AppDelegate.swift */; };
		1DDDF53D2632A06C0098DBA3 /* SceneDelegate.swift in Sources */ = {isa = PBXBuildFile; fileRef = 1DDDF53C2632A06C0098DBA3 /* SceneDelegate.swift */; };
		1DDDF53F2632A06C0098DBA3 /* ViewController.swift in Sources */ = {isa = PBXBuildFile; fileRef = 1DDDF53E2632A06C0098DBA3 /* ViewController.swift */; };
		1DDDF5422632A06C0098DBA3 /* Main.storyboard in Resources */ = {isa = PBXBuildFile; fileRef = 1DDDF5402632A06C0098DBA3 /* Main.storyboard */; };
		1DDDF5442632A0700098DBA3 /* Assets.xcassets in Resources */ = {isa = PBXBuildFile; fileRef = 1DDDF5432632A0700098DBA3 /* Assets.xcassets */; };
		1DDDF5472632A0700098DBA3 /* LaunchScreen.storyboard in Resources */ = {isa = PBXBuildFile; fileRef = 1DDDF5452632A0700098DBA3 /* LaunchScreen.storyboard */; };
		1DDDF56B2632B1550098DBA3 /* Extensions.swift in Sources */ = {isa = PBXBuildFile; fileRef = 1DDDF56A2632B1550098DBA3 /* Extensions.swift */; };
		1DDDF58B2632CD5F0098DBA3 /* TableViewController.swift in Sources */ = {isa = PBXBuildFile; fileRef = 1DDDF5892632CD5E0098DBA3 /* TableViewController.swift */; };
		1DDDF5942632E11D0098DBA3 /* MarkTableViewCell.swift in Sources */ = {isa = PBXBuildFile; fileRef = 1DDDF5932632E11C0098DBA3 /* MarkTableViewCell.swift */; };
		1DDDF5982633060B0098DBA3 /* MarkerModel.swift in Sources */ = {isa = PBXBuildFile; fileRef = 1DDDF5972633060B0098DBA3 /* MarkerModel.swift */; };
		9A15D7DA4A032B02BE03C324 /* Pods_ITechArtMaps.framework in Frameworks */ = {isa = PBXBuildFile; fileRef = D16206D8023D647637F32700 /* Pods_ITechArtMaps.framework */; };
/* End PBXBuildFile section */

/* Begin PBXFileReference section */
		1DDDF5372632A06C0098DBA3 /* ITechArtMaps.app */ = {isa = PBXFileReference; explicitFileType = wrapper.application; includeInIndex = 0; path = ITechArtMaps.app; sourceTree = BUILT_PRODUCTS_DIR; };
		1DDDF53A2632A06C0098DBA3 /* AppDelegate.swift */ = {isa = PBXFileReference; lastKnownFileType = sourcecode.swift; path = AppDelegate.swift; sourceTree = "<group>"; };
		1DDDF53C2632A06C0098DBA3 /* SceneDelegate.swift */ = {isa = PBXFileReference; lastKnownFileType = sourcecode.swift; path = SceneDelegate.swift; sourceTree = "<group>"; };
		1DDDF53E2632A06C0098DBA3 /* ViewController.swift */ = {isa = PBXFileReference; lastKnownFileType = sourcecode.swift; path = ViewController.swift; sourceTree = "<group>"; };
		1DDDF5412632A06C0098DBA3 /* Base */ = {isa = PBXFileReference; lastKnownFileType = file.storyboard; name = Base; path = Base.lproj/Main.storyboard; sourceTree = "<group>"; };
		1DDDF5432632A0700098DBA3 /* Assets.xcassets */ = {isa = PBXFileReference; lastKnownFileType = folder.assetcatalog; path = Assets.xcassets; sourceTree = "<group>"; };
		1DDDF5462632A0700098DBA3 /* Base */ = {isa = PBXFileReference; lastKnownFileType = file.storyboard; name = Base; path = Base.lproj/LaunchScreen.storyboard; sourceTree = "<group>"; };
		1DDDF5482632A0700098DBA3 /* Info.plist */ = {isa = PBXFileReference; lastKnownFileType = text.plist.xml; path = Info.plist; sourceTree = "<group>"; };
		1DDDF56A2632B1550098DBA3 /* Extensions.swift */ = {isa = PBXFileReference; lastKnownFileType = sourcecode.swift; path = Extensions.swift; sourceTree = "<group>"; };
		1DDDF5892632CD5E0098DBA3 /* TableViewController.swift */ = {isa = PBXFileReference; lastKnownFileType = sourcecode.swift; path = TableViewController.swift; sourceTree = "<group>"; };
		1DDDF5932632E11C0098DBA3 /* MarkTableViewCell.swift */ = {isa = PBXFileReference; lastKnownFileType = sourcecode.swift; path = MarkTableViewCell.swift; sourceTree = "<group>"; };
		1DDDF5972633060B0098DBA3 /* MarkerModel.swift */ = {isa = PBXFileReference; lastKnownFileType = sourcecode.swift; path = MarkerModel.swift; sourceTree = "<group>"; };
		D16206D8023D647637F32700 /* Pods_ITechArtMaps.framework */ = {isa = PBXFileReference; explicitFileType = wrapper.framework; includeInIndex = 0; path = Pods_ITechArtMaps.framework; sourceTree = BUILT_PRODUCTS_DIR; };
		E6BD2C159DA30C9EABE73502 /* Pods-ITechArtMaps.debug.xcconfig */ = {isa = PBXFileReference; includeInIndex = 1; lastKnownFileType = text.xcconfig; name = "Pods-ITechArtMaps.debug.xcconfig"; path = "Target Support Files/Pods-ITechArtMaps/Pods-ITechArtMaps.debug.xcconfig"; sourceTree = "<group>"; };
		FE96C64653D0F77606031196 /* Pods-ITechArtMaps.release.xcconfig */ = {isa = PBXFileReference; includeInIndex = 1; lastKnownFileType = text.xcconfig; name = "Pods-ITechArtMaps.release.xcconfig"; path = "Target Support Files/Pods-ITechArtMaps/Pods-ITechArtMaps.release.xcconfig"; sourceTree = "<group>"; };
/* End PBXFileReference section */

/* Begin PBXFrameworksBuildPhase section */
		1DDDF5342632A06C0098DBA3 /* Frameworks */ = {
			isa = PBXFrameworksBuildPhase;
			buildActionMask = 2147483647;
			files = (
				9A15D7DA4A032B02BE03C324 /* Pods_ITechArtMaps.framework in Frameworks */,
			);
			runOnlyForDeploymentPostprocessing = 0;
		};
/* End PBXFrameworksBuildPhase section */

/* Begin PBXGroup section */
		1DDDF52E2632A06C0098DBA3 = {
			isa = PBXGroup;
			children = (
				1DDDF5392632A06C0098DBA3 /* ITechArtMaps */,
				1DDDF5382632A06C0098DBA3 /* Products */,
				AF619AE12EA176606DF345BD /* Pods */,
				AAAC2602BB512ADE3C43A52A /* Frameworks */,
			);
			sourceTree = "<group>";
		};
		1DDDF5382632A06C0098DBA3 /* Products */ = {
			isa = PBXGroup;
			children = (
				1DDDF5372632A06C0098DBA3 /* ITechArtMaps.app */,
			);
			name = Products;
			sourceTree = "<group>";
		};
		1DDDF5392632A06C0098DBA3 /* ITechArtMaps */ = {
			isa = PBXGroup;
			children = (
				1DDDF596263305F80098DBA3 /* Model */,
				1DDDF5692632B1480098DBA3 /* Extensions */,
				1DDDF5612632AFFB0098DBA3 /* VIew */,
				1DDDF53A2632A06C0098DBA3 /* AppDelegate.swift */,
				1DDDF53C2632A06C0098DBA3 /* SceneDelegate.swift */,
				1DDDF5602632AFEC0098DBA3 /* View controller */,
				1DDDF5402632A06C0098DBA3 /* Main.storyboard */,
				1DDDF5432632A0700098DBA3 /* Assets.xcassets */,
				1DDDF5452632A0700098DBA3 /* LaunchScreen.storyboard */,
				1DDDF5482632A0700098DBA3 /* Info.plist */,
			);
			path = ITechArtMaps;
			sourceTree = "<group>";
		};
		1DDDF5602632AFEC0098DBA3 /* View controller */ = {
			isa = PBXGroup;
			children = (
				1DDDF53E2632A06C0098DBA3 /* ViewController.swift */,
				1DDDF5892632CD5E0098DBA3 /* TableViewController.swift */,
			);
			path = "View controller";
			sourceTree = "<group>";
		};
		1DDDF5612632AFFB0098DBA3 /* VIew */ = {
			isa = PBXGroup;
			children = (
				1DDDF5932632E11C0098DBA3 /* MarkTableViewCell.swift */,
			);
			path = VIew;
			sourceTree = "<group>";
		};
		1DDDF5692632B1480098DBA3 /* Extensions */ = {
			isa = PBXGroup;
			children = (
				1DDDF56A2632B1550098DBA3 /* Extensions.swift */,
			);
			path = Extensions;
			sourceTree = "<group>";
		};
		1DDDF596263305F80098DBA3 /* Model */ = {
			isa = PBXGroup;
			children = (
				1DDDF5972633060B0098DBA3 /* MarkerModel.swift */,
			);
			path = Model;
			sourceTree = "<group>";
		};
		AAAC2602BB512ADE3C43A52A /* Frameworks */ = {
			isa = PBXGroup;
			children = (
				D16206D8023D647637F32700 /* Pods_ITechArtMaps.framework */,
			);
			name = Frameworks;
			sourceTree = "<group>";
		};
		AF619AE12EA176606DF345BD /* Pods */ = {
			isa = PBXGroup;
			children = (
				E6BD2C159DA30C9EABE73502 /* Pods-ITechArtMaps.debug.xcconfig */,
				FE96C64653D0F77606031196 /* Pods-ITechArtMaps.release.xcconfig */,
			);
			path = Pods;
			sourceTree = "<group>";
		};
/* End PBXGroup section */

/* Begin PBXNativeTarget section */
		1DDDF5362632A06C0098DBA3 /* ITechArtMaps */ = {
			isa = PBXNativeTarget;
			buildConfigurationList = 1DDDF54B2632A0700098DBA3 /* Build configuration list for PBXNativeTarget "ITechArtMaps" */;
			buildPhases = (
				B09E4D7B225D761A73BE8101 /* [CP] Check Pods Manifest.lock */,
				1DDDF5332632A06C0098DBA3 /* Sources */,
				1DDDF5342632A06C0098DBA3 /* Frameworks */,
				1DDDF5352632A06C0098DBA3 /* Resources */,
				C2017B7BCF2768A5D5CDBE7B /* [CP] Embed Pods Frameworks */,
				734DE244C5A0E8CF625D1E84 /* [CP] Copy Pods Resources */,
			);
			buildRules = (
			);
			dependencies = (
			);
			name = ITechArtMaps;
			productName = ITechArtMaps;
			productReference = 1DDDF5372632A06C0098DBA3 /* ITechArtMaps.app */;
			productType = "com.apple.product-type.application";
		};
/* End PBXNativeTarget section */

/* Begin PBXProject section */
		1DDDF52F2632A06C0098DBA3 /* Project object */ = {
			isa = PBXProject;
			attributes = {
				LastSwiftUpdateCheck = 1240;
				LastUpgradeCheck = 1240;
				TargetAttributes = {
					1DDDF5362632A06C0098DBA3 = {
						CreatedOnToolsVersion = 12.4;
					};
				};
			};
			buildConfigurationList = 1DDDF5322632A06C0098DBA3 /* Build configuration list for PBXProject "ITechArtMaps" */;
			compatibilityVersion = "Xcode 9.3";
			developmentRegion = en;
			hasScannedForEncodings = 0;
			knownRegions = (
				en,
				Base,
			);
			mainGroup = 1DDDF52E2632A06C0098DBA3;
			productRefGroup = 1DDDF5382632A06C0098DBA3 /* Products */;
			projectDirPath = "";
			projectRoot = "";
			targets = (
				1DDDF5362632A06C0098DBA3 /* ITechArtMaps */,
			);
		};
/* End PBXProject section */

/* Begin PBXResourcesBuildPhase section */
		1DDDF5352632A06C0098DBA3 /* Resources */ = {
			isa = PBXResourcesBuildPhase;
			buildActionMask = 2147483647;
			files = (
				1DDDF5472632A0700098DBA3 /* LaunchScreen.storyboard in Resources */,
				1DDDF5442632A0700098DBA3 /* Assets.xcassets in Resources */,
				1DDDF5422632A06C0098DBA3 /* Main.storyboard in Resources */,
			);
			runOnlyForDeploymentPostprocessing = 0;
		};
/* End PBXResourcesBuildPhase section */

/* Begin PBXShellScriptBuildPhase section */
		734DE244C5A0E8CF625D1E84 /* [CP] Copy Pods Resources */ = {
			isa = PBXShellScriptBuildPhase;
			buildActionMask = 2147483647;
			files = (
			);
			inputFileListPaths = (
				"${PODS_ROOT}/Target Support Files/Pods-ITechArtMaps/Pods-ITechArtMaps-resources-${CONFIGURATION}-input-files.xcfilelist",
			);
			name = "[CP] Copy Pods Resources";
			outputFileListPaths = (
				"${PODS_ROOT}/Target Support Files/Pods-ITechArtMaps/Pods-ITechArtMaps-resources-${CONFIGURATION}-output-files.xcfilelist",
			);
			runOnlyForDeploymentPostprocessing = 0;
			shellPath = /bin/sh;
			shellScript = "\"${PODS_ROOT}/Target Support Files/Pods-ITechArtMaps/Pods-ITechArtMaps-resources.sh\"\n";
			showEnvVarsInLog = 0;
		};
		B09E4D7B225D761A73BE8101 /* [CP] Check Pods Manifest.lock */ = {
			isa = PBXShellScriptBuildPhase;
			buildActionMask = 2147483647;
			files = (
			);
			inputFileListPaths = (
			);
			inputPaths = (
				"${PODS_PODFILE_DIR_PATH}/Podfile.lock",
				"${PODS_ROOT}/Manifest.lock",
			);
			name = "[CP] Check Pods Manifest.lock";
			outputFileListPaths = (
			);
			outputPaths = (
				"$(DERIVED_FILE_DIR)/Pods-ITechArtMaps-checkManifestLockResult.txt",
			);
			runOnlyForDeploymentPostprocessing = 0;
			shellPath = /bin/sh;
			shellScript = "diff \"${PODS_PODFILE_DIR_PATH}/Podfile.lock\" \"${PODS_ROOT}/Manifest.lock\" > /dev/null\nif [ $? != 0 ] ; then\n    # print error to STDERR\n    echo \"error: The sandbox is not in sync with the Podfile.lock. Run 'pod install' or update your CocoaPods installation.\" >&2\n    exit 1\nfi\n# This output is used by Xcode 'outputs' to avoid re-running this script phase.\necho \"SUCCESS\" > \"${SCRIPT_OUTPUT_FILE_0}\"\n";
			showEnvVarsInLog = 0;
		};
		C2017B7BCF2768A5D5CDBE7B /* [CP] Embed Pods Frameworks */ = {
			isa = PBXShellScriptBuildPhase;
			buildActionMask = 2147483647;
			files = (
			);
			inputFileListPaths = (
				"${PODS_ROOT}/Target Support Files/Pods-ITechArtMaps/Pods-ITechArtMaps-frameworks-${CONFIGURATION}-input-files.xcfilelist",
			);
			name = "[CP] Embed Pods Frameworks";
			outputFileListPaths = (
				"${PODS_ROOT}/Target Support Files/Pods-ITechArtMaps/Pods-ITechArtMaps-frameworks-${CONFIGURATION}-output-files.xcfilelist",
			);
			runOnlyForDeploymentPostprocessing = 0;
			shellPath = /bin/sh;
			shellScript = "\"${PODS_ROOT}/Target Support Files/Pods-ITechArtMaps/Pods-ITechArtMaps-frameworks.sh\"\n";
			showEnvVarsInLog = 0;
		};
/* End PBXShellScriptBuildPhase section */

/* Begin PBXSourcesBuildPhase section */
		1DDDF5332632A06C0098DBA3 /* Sources */ = {
			isa = PBXSourcesBuildPhase;
			buildActionMask = 2147483647;
			files = (
				1DDDF56B2632B1550098DBA3 /* Extensions.swift in Sources */,
				1DDDF58B2632CD5F0098DBA3 /* TableViewController.swift in Sources */,
				1DDDF5942632E11D0098DBA3 /* MarkTableViewCell.swift in Sources */,
				1DDDF53F2632A06C0098DBA3 /* ViewController.swift in Sources */,
				1DDDF53B2632A06C0098DBA3 /* AppDelegate.swift in Sources */,
				1DDDF53D2632A06C0098DBA3 /* SceneDelegate.swift in Sources */,
				1DDDF5982633060B0098DBA3 /* MarkerModel.swift in Sources */,
			);
			runOnlyForDeploymentPostprocessing = 0;
		};
/* End PBXSourcesBuildPhase section */

/* Begin PBXVariantGroup section */
		1DDDF5402632A06C0098DBA3 /* Main.storyboard */ = {
			isa = PBXVariantGroup;
			children = (
				1DDDF5412632A06C0098DBA3 /* Base */,
			);
			name = Main.storyboard;
			sourceTree = "<group>";
		};
		1DDDF5452632A0700098DBA3 /* LaunchScreen.storyboard */ = {
			isa = PBXVariantGroup;
			children = (
				1DDDF5462632A0700098DBA3 /* Base */,
			);
			name = LaunchScreen.storyboard;
			sourceTree = "<group>";
		};
/* End PBXVariantGroup section */

/* Begin XCBuildConfiguration section */
		1DDDF5492632A0700098DBA3 /* Debug */ = {
			isa = XCBuildConfiguration;
			buildSettings = {
				ALWAYS_SEARCH_USER_PATHS = NO;
				CLANG_ANALYZER_NONNULL = YES;
				CLANG_ANALYZER_NUMBER_OBJECT_CONVERSION = YES_AGGRESSIVE;
				CLANG_CXX_LANGUAGE_STANDARD = "gnu++14";
				CLANG_CXX_LIBRARY = "libc++";
				CLANG_ENABLE_MODULES = YES;
				CLANG_ENABLE_OBJC_ARC = YES;
				CLANG_ENABLE_OBJC_WEAK = YES;
				CLANG_WARN_BLOCK_CAPTURE_AUTORELEASING = YES;
				CLANG_WARN_BOOL_CONVERSION = YES;
				CLANG_WARN_COMMA = YES;
				CLANG_WARN_CONSTANT_CONVERSION = YES;
				CLANG_WARN_DEPRECATED_OBJC_IMPLEMENTATIONS = YES;
				CLANG_WARN_DIRECT_OBJC_ISA_USAGE = YES_ERROR;
				CLANG_WARN_DOCUMENTATION_COMMENTS = YES;
				CLANG_WARN_EMPTY_BODY = YES;
				CLANG_WARN_ENUM_CONVERSION = YES;
				CLANG_WARN_INFINITE_RECURSION = YES;
				CLANG_WARN_INT_CONVERSION = YES;
				CLANG_WARN_NON_LITERAL_NULL_CONVERSION = YES;
				CLANG_WARN_OBJC_IMPLICIT_RETAIN_SELF = YES;
				CLANG_WARN_OBJC_LITERAL_CONVERSION = YES;
				CLANG_WARN_OBJC_ROOT_CLASS = YES_ERROR;
				CLANG_WARN_QUOTED_INCLUDE_IN_FRAMEWORK_HEADER = YES;
				CLANG_WARN_RANGE_LOOP_ANALYSIS = YES;
				CLANG_WARN_STRICT_PROTOTYPES = YES;
				CLANG_WARN_SUSPICIOUS_MOVE = YES;
				CLANG_WARN_UNGUARDED_AVAILABILITY = YES_AGGRESSIVE;
				CLANG_WARN_UNREACHABLE_CODE = YES;
				CLANG_WARN__DUPLICATE_METHOD_MATCH = YES;
				COPY_PHASE_STRIP = NO;
				DEBUG_INFORMATION_FORMAT = dwarf;
				ENABLE_STRICT_OBJC_MSGSEND = YES;
				ENABLE_TESTABILITY = YES;
				GCC_C_LANGUAGE_STANDARD = gnu11;
				GCC_DYNAMIC_NO_PIC = NO;
				GCC_NO_COMMON_BLOCKS = YES;
				GCC_OPTIMIZATION_LEVEL = 0;
				GCC_PREPROCESSOR_DEFINITIONS = (
					"DEBUG=1",
					"$(inherited)",
				);
				GCC_WARN_64_TO_32_BIT_CONVERSION = YES;
				GCC_WARN_ABOUT_RETURN_TYPE = YES_ERROR;
				GCC_WARN_UNDECLARED_SELECTOR = YES;
				GCC_WARN_UNINITIALIZED_AUTOS = YES_AGGRESSIVE;
				GCC_WARN_UNUSED_FUNCTION = YES;
				GCC_WARN_UNUSED_VARIABLE = YES;
				IPHONEOS_DEPLOYMENT_TARGET = 14.4;
				MTL_ENABLE_DEBUG_INFO = INCLUDE_SOURCE;
				MTL_FAST_MATH = YES;
				ONLY_ACTIVE_ARCH = YES;
				SDKROOT = iphoneos;
				SWIFT_ACTIVE_COMPILATION_CONDITIONS = DEBUG;
				SWIFT_OPTIMIZATION_LEVEL = "-Onone";
			};
			name = Debug;
		};
		1DDDF54A2632A0700098DBA3 /* Release */ = {
			isa = XCBuildConfiguration;
			buildSettings = {
				ALWAYS_SEARCH_USER_PATHS = NO;
				CLANG_ANALYZER_NONNULL = YES;
				CLANG_ANALYZER_NUMBER_OBJECT_CONVERSION = YES_AGGRESSIVE;
				CLANG_CXX_LANGUAGE_STANDARD = "gnu++14";
				CLANG_CXX_LIBRARY = "libc++";
				CLANG_ENABLE_MODULES = YES;
				CLANG_ENABLE_OBJC_ARC = YES;
				CLANG_ENABLE_OBJC_WEAK = YES;
				CLANG_WARN_BLOCK_CAPTURE_AUTORELEASING = YES;
				CLANG_WARN_BOOL_CONVERSION = YES;
				CLANG_WARN_COMMA = YES;
				CLANG_WARN_CONSTANT_CONVERSION = YES;
				CLANG_WARN_DEPRECATED_OBJC_IMPLEMENTATIONS = YES;
				CLANG_WARN_DIRECT_OBJC_ISA_USAGE = YES_ERROR;
				CLANG_WARN_DOCUMENTATION_COMMENTS = YES;
				CLANG_WARN_EMPTY_BODY = YES;
				CLANG_WARN_ENUM_CONVERSION = YES;
				CLANG_WARN_INFINITE_RECURSION = YES;
				CLANG_WARN_INT_CONVERSION = YES;
				CLANG_WARN_NON_LITERAL_NULL_CONVERSION = YES;
				CLANG_WARN_OBJC_IMPLICIT_RETAIN_SELF = YES;
				CLANG_WARN_OBJC_LITERAL_CONVERSION = YES;
				CLANG_WARN_OBJC_ROOT_CLASS = YES_ERROR;
				CLANG_WARN_QUOTED_INCLUDE_IN_FRAMEWORK_HEADER = YES;
				CLANG_WARN_RANGE_LOOP_ANALYSIS = YES;
				CLANG_WARN_STRICT_PROTOTYPES = YES;
				CLANG_WARN_SUSPICIOUS_MOVE = YES;
				CLANG_WARN_UNGUARDED_AVAILABILITY = YES_AGGRESSIVE;
				CLANG_WARN_UNREACHABLE_CODE = YES;
				CLANG_WARN__DUPLICATE_METHOD_MATCH = YES;
				COPY_PHASE_STRIP = NO;
				DEBUG_INFORMATION_FORMAT = "dwarf-with-dsym";
				ENABLE_NS_ASSERTIONS = NO;
				ENABLE_STRICT_OBJC_MSGSEND = YES;
				GCC_C_LANGUAGE_STANDARD = gnu11;
				GCC_NO_COMMON_BLOCKS = YES;
				GCC_WARN_64_TO_32_BIT_CONVERSION = YES;
				GCC_WARN_ABOUT_RETURN_TYPE = YES_ERROR;
				GCC_WARN_UNDECLARED_SELECTOR = YES;
				GCC_WARN_UNINITIALIZED_AUTOS = YES_AGGRESSIVE;
				GCC_WARN_UNUSED_FUNCTION = YES;
				GCC_WARN_UNUSED_VARIABLE = YES;
				IPHONEOS_DEPLOYMENT_TARGET = 14.4;
				MTL_ENABLE_DEBUG_INFO = NO;
				MTL_FAST_MATH = YES;
				SDKROOT = iphoneos;
				SWIFT_COMPILATION_MODE = wholemodule;
				SWIFT_OPTIMIZATION_LEVEL = "-O";
				VALIDATE_PRODUCT = YES;
			};
			name = Release;
		};
		1DDDF54C2632A0700098DBA3 /* Debug */ = {
			isa = XCBuildConfiguration;
			baseConfigurationReference = E6BD2C159DA30C9EABE73502 /* Pods-ITechArtMaps.debug.xcconfig */;
			buildSettings = {
				ASSETCATALOG_COMPILER_APPICON_NAME = AppIcon;
				ASSETCATALOG_COMPILER_GLOBAL_ACCENT_COLOR_NAME = AccentColor;
				CODE_SIGN_STYLE = Automatic;
				DEVELOPMENT_TEAM = UNADQ24S97;
				INFOPLIST_FILE = ITechArtMaps/Info.plist;
				LD_RUNPATH_SEARCH_PATHS = (
					"$(inherited)",
					"@executable_path/Frameworks",
				);
				PRODUCT_BUNDLE_IDENTIFIER = com.companyname.ITechArtMaps;
				PRODUCT_NAME = "$(TARGET_NAME)";
				SWIFT_VERSION = 5.0;
				TARGETED_DEVICE_FAMILY = "1,2";
			};
			name = Debug;
		};
		1DDDF54D2632A0700098DBA3 /* Release */ = {
			isa = XCBuildConfiguration;
			baseConfigurationReference = FE96C64653D0F77606031196 /* Pods-ITechArtMaps.release.xcconfig */;
			buildSettings = {
				ASSETCATALOG_COMPILER_APPICON_NAME = AppIcon;
				ASSETCATALOG_COMPILER_GLOBAL_ACCENT_COLOR_NAME = AccentColor;
				CODE_SIGN_STYLE = Automatic;
				DEVELOPMENT_TEAM = UNADQ24S97;
				INFOPLIST_FILE = ITechArtMaps/Info.plist;
				LD_RUNPATH_SEARCH_PATHS = (
					"$(inherited)",
					"@executable_path/Frameworks",
				);
				PRODUCT_BUNDLE_IDENTIFIER = com.companyname.ITechArtMaps;
				PRODUCT_NAME = "$(TARGET_NAME)";
				SWIFT_VERSION = 5.0;
				TARGETED_DEVICE_FAMILY = "1,2";
			};
			name = Release;
		};
/* End XCBuildConfiguration section */

/* Begin XCConfigurationList section */
		1DDDF5322632A06C0098DBA3 /* Build configuration list for PBXProject "ITechArtMaps" */ = {
			isa = XCConfigurationList;
			buildConfigurations = (
				1DDDF5492632A0700098DBA3 /* Debug */,
				1DDDF54A2632A0700098DBA3 /* Release */,
			);
			defaultConfigurationIsVisible = 0;
			defaultConfigurationName = Release;
		};
		1DDDF54B2632A0700098DBA3 /* Build configuration list for PBXNativeTarget "ITechArtMaps" */ = {
			isa = XCConfigurationList;
			buildConfigurations = (
				1DDDF54C2632A0700098DBA3 /* Debug */,
				1DDDF54D2632A0700098DBA3 /* Release */,
			);
			defaultConfigurationIsVisible = 0;
			defaultConfigurationName = Release;
		};
/* End XCConfigurationList section */
	};
	rootObject = 1DDDF52F2632A06C0098DBA3 /* Project object */;
}
